
Microsoft Visual Studio Solution File, Format Version 12.00
# Visual Studio 14
VisualStudioVersion = 14.0.25420.1
MinimumVisualStudioVersion = 10.0.40219.1
Project("{FAE04EC0-301F-11D3-BF4B-00C04F79EFBC}") = "ShippingSyncServer", "ShippingSyncServer\ShippingSyncServer.csproj", "{81AB1DBA-E3F4-4F42-A01A-3AC610D794DF}"
EndProject
Project("{FAE04EC0-301F-11D3-BF4B-00C04F79EFBC}") = "ShippingSyncClient", "ShippingSyncClient\ShippingSyncClient.csproj", "{68C25D08-216C-4330-999D-ADE4F625E779}"
EndProject
Project("{FAE04EC0-301F-11D3-BF4B-00C04F79EFBC}") = "Utilities", "Utilities\Utilities.csproj", "{85063F1D-50B4-4537-8E44-9F0861F91758}"
EndProject
Global
	GlobalSection(SolutionConfigurationPlatforms) = preSolution
		Debug|Any CPU = Debug|Any CPU
		Integrated|Any CPU = Integrated|Any CPU
		PublicTest|Any CPU = PublicTest|Any CPU
		Release|Any CPU = Release|Any CPU
		TrunkTest|Any CPU = TrunkTest|Any CPU
	EndGlobalSection
	GlobalSection(ProjectConfigurationPlatforms) = postSolution
		{81AB1DBA-E3F4-4F42-A01A-3AC610D794DF}.Debug|Any CPU.ActiveCfg = Debug|Any CPU
		{81AB1DBA-E3F4-4F42-A01A-3AC610D794DF}.Integrated|Any CPU.ActiveCfg = Release|Any CPU
		{81AB1DBA-E3F4-4F42-A01A-3AC610D794DF}.Integrated|Any CPU.Build.0 = Release|Any CPU
		{81AB1DBA-E3F4-4F42-A01A-3AC610D794DF}.PublicTest|Any CPU.ActiveCfg = Release|Any CPU
		{81AB1DBA-E3F4-4F42-A01A-3AC610D794DF}.PublicTest|Any CPU.Build.0 = Release|Any CPU
		{81AB1DBA-E3F4-4F42-A01A-3AC610D794DF}.Release|Any CPU.ActiveCfg = Release|Any CPU
		{81AB1DBA-E3F4-4F42-A01A-3AC610D794DF}.Release|Any CPU.Build.0 = Release|Any CPU
		{81AB1DBA-E3F4-4F42-A01A-3AC610D794DF}.TrunkTest|Any CPU.ActiveCfg = Release|Any CPU
		{81AB1DBA-E3F4-4F42-A01A-3AC610D794DF}.TrunkTest|Any CPU.Build.0 = Release|Any CPU
		{68C25D08-216C-4330-999D-ADE4F625E779}.Debug|Any CPU.ActiveCfg = Debug|Any CPU
		{68C25D08-216C-4330-999D-ADE4F625E779}.Debug|Any CPU.Build.0 = Debug|Any CPU
		{68C25D08-216C-4330-999D-ADE4F625E779}.Integrated|Any CPU.ActiveCfg = Release|Any CPU
		{68C25D08-216C-4330-999D-ADE4F625E779}.Integrated|Any CPU.Build.0 = Release|Any CPU
		{68C25D08-216C-4330-999D-ADE4F625E779}.PublicTest|Any CPU.ActiveCfg = Release|Any CPU
		{68C25D08-216C-4330-999D-ADE4F625E779}.PublicTest|Any CPU.Build.0 = Release|Any CPU
		{68C25D08-216C-4330-999D-ADE4F625E779}.Release|Any CPU.ActiveCfg = Release|Any CPU
		{68C25D08-216C-4330-999D-ADE4F625E779}.Release|Any CPU.Build.0 = Release|Any CPU
		{68C25D08-216C-4330-999D-ADE4F625E779}.TrunkTest|Any CPU.ActiveCfg = Release|Any CPU
		{68C25D08-216C-4330-999D-ADE4F625E779}.TrunkTest|Any CPU.Build.0 = Release|Any CPU
		{85063F1D-50B4-4537-8E44-9F0861F91758}.Debug|Any CPU.ActiveCfg = Debug|Any CPU
		{85063F1D-50B4-4537-8E44-9F0861F91758}.Debug|Any CPU.Build.0 = Debug|Any CPU
		{85063F1D-50B4-4537-8E44-9F0861F91758}.Integrated|Any CPU.ActiveCfg = Release|Any CPU
		{85063F1D-50B4-4537-8E44-9F0861F91758}.Integrated|Any CPU.Build.0 = Release|Any CPU
		{85063F1D-50B4-4537-8E44-9F0861F91758}.PublicTest|Any CPU.ActiveCfg = Release|Any CPU
		{85063F1D-50B4-4537-8E44-9F0861F91758}.PublicTest|Any CPU.Build.0 = Release|Any CPU
		{85063F1D-50B4-4537-8E44-9F0861F91758}.Release|Any CPU.ActiveCfg = Release|Any CPU
		{85063F1D-50B4-4537-8E44-9F0861F91758}.Release|Any CPU.Build.0 = Release|Any CPU
		{85063F1D-50B4-4537-8E44-9F0861F91758}.TrunkTest|Any CPU.ActiveCfg = Release|Any CPU
		{85063F1D-50B4-4537-8E44-9F0861F91758}.TrunkTest|Any CPU.Build.0 = Release|Any CPU
	EndGlobalSection
	GlobalSection(SolutionProperties) = preSolution
		HideSolutionNode = FALSE
	EndGlobalSection
EndGlobal
